
Microsoft Visual Studio Solution File, Format Version 12.00
# Visual Studio 15
VisualStudioVersion = 15.0.27428.2015
MinimumVisualStudioVersion = 10.0.40219.1
Project("{FAE04EC0-301F-11D3-BF4B-00C04F79EFBC}") = "downloader2.0", "downloader2.0\downloader2.0.csproj", "{8CC55C37-BBF7-440D-BA85-CBC8C633F86B}"
EndProject
Global
	GlobalSection(SolutionConfigurationPlatforms) = preSolution
		Debug|Any CPU = Debug|Any CPU
		Release|Any CPU = Release|Any CPU
	EndGlobalSection
	GlobalSection(ProjectConfigurationPlatforms) = postSolution
		{8CC55C37-BBF7-440D-BA85-CBC8C633F86B}.Debug|Any CPU.ActiveCfg = Debug|Any CPU
		{8CC55C37-BBF7-440D-BA85-CBC8C633F86B}.Debug|Any CPU.Build.0 = Debug|Any CPU
		{8CC55C37-BBF7-440D-BA85-CBC8C633F86B}.Release|Any CPU.ActiveCfg = Release|Any CPU
		{8CC55C37-BBF7-440D-BA85-CBC8C633F86B}.Release|Any CPU.Build.0 = Release|Any CPU
	EndGlobalSection
	GlobalSection(SolutionProperties) = preSolution
		HideSolutionNode = FALSE
	EndGlobalSection
	GlobalSection(ExtensibilityGlobals) = postSolution
		SolutionGuid = {82840E38-4295-4383-A1B9-F819AFA98ABD}
	EndGlobalSection
EndGlobal
